
Microsoft Visual Studio Solution File, Format Version 12.00
# Visual Studio 15
VisualStudioVersion = 15.0.28307.902
MinimumVisualStudioVersion = 10.0.40219.1
Project("{FAE04EC0-301F-11D3-BF4B-00C04F79EFBC}") = "FileDetailsApp", "FileDetailsApp\FileDetailsApp.csproj", "{96C17CA6-B998-4D86-9858-DAFD53AE358F}"
EndProject
Global
	GlobalSection(SolutionConfigurationPlatforms) = preSolution
		Debug|Any CPU = Debug|Any CPU
		Release|Any CPU = Release|Any CPU
	EndGlobalSection
	GlobalSection(ProjectConfigurationPlatforms) = postSolution
		{96C17CA6-B998-4D86-9858-DAFD53AE358F}.Debug|Any CPU.ActiveCfg = Debug|Any CPU
		{96C17CA6-B998-4D86-9858-DAFD53AE358F}.Debug|Any CPU.Build.0 = Debug|Any CPU
		{96C17CA6-B998-4D86-9858-DAFD53AE358F}.Release|Any CPU.ActiveCfg = Release|Any CPU
		{96C17CA6-B998-4D86-9858-DAFD53AE358F}.Release|Any CPU.Build.0 = Release|Any CPU
	EndGlobalSection
	GlobalSection(SolutionProperties) = preSolution
		HideSolutionNode = FALSE
	EndGlobalSection
	GlobalSection(ExtensibilityGlobals) = postSolution
		SolutionGuid = {1AE44339-8B2F-4944-B194-CF4BD4A3F5B1}
	EndGlobalSection
EndGlobal
