
Microsoft Visual Studio Solution File, Format Version 12.00
# Visual Studio 15
VisualStudioVersion = 15.0.28307.960
MinimumVisualStudioVersion = 10.0.40219.1
Project("{FAE04EC0-301F-11D3-BF4B-00C04F79EFBC}") = "HumanAnimalApp", "HumanAnimalApp\HumanAnimalApp.csproj", "{EE99F767-73CE-4540-896D-EA21DEB8EFDC}"
EndProject
Global
	GlobalSection(SolutionConfigurationPlatforms) = preSolution
		Debug|Any CPU = Debug|Any CPU
		Release|Any CPU = Release|Any CPU
	EndGlobalSection
	GlobalSection(ProjectConfigurationPlatforms) = postSolution
		{EE99F767-73CE-4540-896D-EA21DEB8EFDC}.Debug|Any CPU.ActiveCfg = Debug|Any CPU
		{EE99F767-73CE-4540-896D-EA21DEB8EFDC}.Debug|Any CPU.Build.0 = Debug|Any CPU
		{EE99F767-73CE-4540-896D-EA21DEB8EFDC}.Release|Any CPU.ActiveCfg = Release|Any CPU
		{EE99F767-73CE-4540-896D-EA21DEB8EFDC}.Release|Any CPU.Build.0 = Release|Any CPU
	EndGlobalSection
	GlobalSection(SolutionProperties) = preSolution
		HideSolutionNode = FALSE
	EndGlobalSection
	GlobalSection(ExtensibilityGlobals) = postSolution
		SolutionGuid = {D4813EE7-5E08-4FDD-BCAD-115FBCBA126A}
	EndGlobalSection
EndGlobal
